{
  "lockfileVersion": 1,
  "workspaces": {
    "": {
      "name": "bun-template",
      "dependencies": {
        "cac": "^6.7.14",
      },
      "devDependencies": {
        "bun-types": "latest",
      },
    },
  },
  "packages": {
    "@types/node": ["@types/node@22.15.17", "", { "dependencies": { "undici-types": "~6.21.0" } }, "sha512-wIX2aSZL5FE+MR0JlvF87BNVrtFWf6AE6rxSE9X7OwnVvoyCQjpzSRJ+M87se/4QCkCiebQAqrJ0y6fwIyi7nw=="],

    "bun-types": ["bun-types@1.2.12", "", { "dependencies": { "@types/node": "*" } }, "sha512-tvWMx5vPqbRXgE8WUZI94iS1xAYs8bkqESR9cxBB1Wi+urvfTrF1uzuDgBHFAdO0+d2lmsbG3HmeKMvUyj6pWA=="],

    "cac": ["cac@6.7.14", "", {}, "sha512-b6Ilus+c3RrdDk+JhLKUAQfzzgLEPy6wcXqS7f/xe1EETvsDP6GORG7SFuOs6cID5YkqchW/LXZbX5bc8j7ZcQ=="],

    "undici-types": ["undici-types@6.21.0", "", {}, "sha512-iwDZqg0QAGrg9Rav5H4n0M64c3mkR59cJ6wQp+7C4nI0gsmExaedaYLNO44eT4AtBBwjbTiGPMlt2Md0T9H9JQ=="],
  }
}
