group: Objects
subgroup: lock
alias: 鎖 安全 鑰匙
emojis:
  - emoji: 🔒
    name: E0.6 locked
    alias: 鎖定 鎖 上鎖 安全鎖
  - emoji: 🔓
    name: E0.6 unlocked
    alias: 解鎖 開鎖 解 安全解
  - emoji: 🔏
    name: E0.6 locked with pen
    alias: 鎖筆 保密筆 簽章鎖
  - emoji: 🔐
    name: E0.6 locked with key
    alias: 鎖鑰 鑰鎖 鑰匙鎖
  - emoji: 🔑
    name: E0.6 key
    alias: 鑰匙 鑰 鎖匙 金鑰
  - emoji: 🗝️
    name: E0.7 old key
    alias: 老鑰匙 舊鑰匙 古鑰 舊鑰
