group: Objects
subgroup: lock
alias: 鎖 安全 鑰匙
emojis:
  - emoji: 🔒
    name: E0.6 locked
    alias: 鎖定 安全鎖 鑰匙鎖
  - emoji: 🔓
    name: E0.6 unlocked
    alias: 解鎖 安全解鎖 鑰匙解鎖
  - emoji: 🔏
    name: E0.6 locked with pen
    alias: 鎖筆 安全鎖筆 鑰匙鎖筆
  - emoji: 🔐
    name: E0.6 locked with key
    alias: 鎖鑰 安全鎖鑰 鑰匙鎖鑰
  - emoji: 🔑
    name: E0.6 key
    alias: 鑰匙 安全鑰匙 鎖鑰匙
  - emoji: 🗝️
    name: E0.7 old key
    alias: 老鑰匙 安全老鑰匙 鎖老鑰匙
